// !$*UTF8*$!
{
	archiveVersion = 1;
	classes = {
	};
	objectVersion = 50;
	objects = {

/* Begin PBXBuildFile section */
		330A5C3F26B5789E001C12F1 /* AppDelegate.swift in Sources */ = {isa = PBXBuildFile; fileRef = 330A5C3E26B5789E001C12F1 /* AppDelegate.swift */; };
		330A5C4126B5789E001C12F1 /* SceneDelegate.swift in Sources */ = {isa = PBXBuildFile; fileRef = 330A5C4026B5789E001C12F1 /* SceneDelegate.swift */; };
		330A5C4326B5789E001C12F1 /* ViewController.swift in Sources */ = {isa = PBXBuildFile; fileRef = 330A5C4226B5789E001C12F1 /* ViewController.swift */; };
		330A5C4626B5789E001C12F1 /* Main.storyboard in Resources */ = {isa = PBXBuildFile; fileRef = 330A5C4426B5789E001C12F1 /* Main.storyboard */; };
		330A5C4926B5789E001C12F1 /* Mobiquity_Code_Challange.xcdatamodeld in Sources */ = {isa = PBXBuildFile; fileRef = 330A5C4726B5789E001C12F1 /* Mobiquity_Code_Challange.xcdatamodeld */; };
		330A5C4B26B578A2001C12F1 /* Assets.xcassets in Resources */ = {isa = PBXBuildFile; fileRef = 330A5C4A26B578A2001C12F1 /* Assets.xcassets */; };
		330A5C4E26B578A2001C12F1 /* LaunchScreen.storyboard in Resources */ = {isa = PBXBuildFile; fileRef = 330A5C4C26B578A2001C12F1 /* LaunchScreen.storyboard */; };
		330A5C5926B578A2001C12F1 /* Mobiquity_Code_ChallangeTests.swift in Sources */ = {isa = PBXBuildFile; fileRef = 330A5C5826B578A2001C12F1 /* Mobiquity_Code_ChallangeTests.swift */; };
		330A5C6426B578A3001C12F1 /* Mobiquity_Code_ChallangeUITests.swift in Sources */ = {isa = PBXBuildFile; fileRef = 330A5C6326B578A3001C12F1 /* Mobiquity_Code_ChallangeUITests.swift */; };
		330A5C7226B67306001C12F1 /* Common.swift in Sources */ = {isa = PBXBuildFile; fileRef = 330A5C7126B67306001C12F1 /* Common.swift */; };
		330A5C7526B6768A001C12F1 /* HttpUtil.swift in Sources */ = {isa = PBXBuildFile; fileRef = 330A5C7426B6768A001C12F1 /* HttpUtil.swift */; };
		337D72E726B6965500097284 /* WeatherViewModel.swift in Sources */ = {isa = PBXBuildFile; fileRef = 337D72E626B6965500097284 /* WeatherViewModel.swift */; };
		337D72EA26B69B2C00097284 /* WeatherResource.swift in Sources */ = {isa = PBXBuildFile; fileRef = 337D72E926B69B2C00097284 /* WeatherResource.swift */; };
		337D72ED26B69C3A00097284 /* TodayForcast.swift in Sources */ = {isa = PBXBuildFile; fileRef = 337D72EC26B69C3A00097284 /* TodayForcast.swift */; };
		337D72EF26B69C4800097284 /* FiveDayForcast.swift in Sources */ = {isa = PBXBuildFile; fileRef = 337D72EE26B69C4800097284 /* FiveDayForcast.swift */; };
		337D72F326B71B5000097284 /* BookmarkViewController.swift in Sources */ = {isa = PBXBuildFile; fileRef = 337D72F226B71B5000097284 /* BookmarkViewController.swift */; };
		337D72F526B7CD9000097284 /* Extentions.swift in Sources */ = {isa = PBXBuildFile; fileRef = 337D72F426B7CD9000097284 /* Extentions.swift */; };
/* End PBXBuildFile section */

/* Begin PBXContainerItemProxy section */
		330A5C5526B578A2001C12F1 /* PBXContainerItemProxy */ = {
			isa = PBXContainerItemProxy;
			containerPortal = 330A5C3326B5789E001C12F1 /* Project object */;
			proxyType = 1;
			remoteGlobalIDString = 330A5C3A26B5789E001C12F1;
			remoteInfo = Mobiquity_Code_Challange;
		};
		330A5C6026B578A3001C12F1 /* PBXContainerItemProxy */ = {
			isa = PBXContainerItemProxy;
			containerPortal = 330A5C3326B5789E001C12F1 /* Project object */;
			proxyType = 1;
			remoteGlobalIDString = 330A5C3A26B5789E001C12F1;
			remoteInfo = Mobiquity_Code_Challange;
		};
/* End PBXContainerItemProxy section */

/* Begin PBXFileReference section */
		330A5C3B26B5789E001C12F1 /* Mobiquity_Code_Challange.app */ = {isa = PBXFileReference; explicitFileType = wrapper.application; includeInIndex = 0; path = Mobiquity_Code_Challange.app; sourceTree = BUILT_PRODUCTS_DIR; };
		330A5C3E26B5789E001C12F1 /* AppDelegate.swift */ = {isa = PBXFileReference; lastKnownFileType = sourcecode.swift; path = AppDelegate.swift; sourceTree = "<group>"; };
		330A5C4026B5789E001C12F1 /* SceneDelegate.swift */ = {isa = PBXFileReference; lastKnownFileType = sourcecode.swift; path = SceneDelegate.swift; sourceTree = "<group>"; };
		330A5C4226B5789E001C12F1 /* ViewController.swift */ = {isa = PBXFileReference; lastKnownFileType = sourcecode.swift; path = ViewController.swift; sourceTree = "<group>"; };
		330A5C4526B5789E001C12F1 /* Base */ = {isa = PBXFileReference; lastKnownFileType = file.storyboard; name = Base; path = Base.lproj/Main.storyboard; sourceTree = "<group>"; };
		330A5C4826B5789E001C12F1 /* Mobiquity_Code_Challange.xcdatamodel */ = {isa = PBXFileReference; lastKnownFileType = wrapper.xcdatamodel; path = Mobiquity_Code_Challange.xcdatamodel; sourceTree = "<group>"; };
		330A5C4A26B578A2001C12F1 /* Assets.xcassets */ = {isa = PBXFileReference; lastKnownFileType = folder.assetcatalog; path = Assets.xcassets; sourceTree = "<group>"; };
		330A5C4D26B578A2001C12F1 /* Base */ = {isa = PBXFileReference; lastKnownFileType = file.storyboard; name = Base; path = Base.lproj/LaunchScreen.storyboard; sourceTree = "<group>"; };
		330A5C4F26B578A2001C12F1 /* Info.plist */ = {isa = PBXFileReference; lastKnownFileType = text.plist.xml; path = Info.plist; sourceTree = "<group>"; };
		330A5C5426B578A2001C12F1 /* Mobiquity_Code_ChallangeTests.xctest */ = {isa = PBXFileReference; explicitFileType = wrapper.cfbundle; includeInIndex = 0; path = Mobiquity_Code_ChallangeTests.xctest; sourceTree = BUILT_PRODUCTS_DIR; };
		330A5C5826B578A2001C12F1 /* Mobiquity_Code_ChallangeTests.swift */ = {isa = PBXFileReference; lastKnownFileType = sourcecode.swift; path = Mobiquity_Code_ChallangeTests.swift; sourceTree = "<group>"; };
		330A5C5A26B578A2001C12F1 /* Info.plist */ = {isa = PBXFileReference; lastKnownFileType = text.plist.xml; path = Info.plist; sourceTree = "<group>"; };
		330A5C5F26B578A3001C12F1 /* Mobiquity_Code_ChallangeUITests.xctest */ = {isa = PBXFileReference; explicitFileType = wrapper.cfbundle; includeInIndex = 0; path = Mobiquity_Code_ChallangeUITests.xctest; sourceTree = BUILT_PRODUCTS_DIR; };
		330A5C6326B578A3001C12F1 /* Mobiquity_Code_ChallangeUITests.swift */ = {isa = PBXFileReference; lastKnownFileType = sourcecode.swift; path = Mobiquity_Code_ChallangeUITests.swift; sourceTree = "<group>"; };
		330A5C6526B578A3001C12F1 /* Info.plist */ = {isa = PBXFileReference; lastKnownFileType = text.plist.xml; path = Info.plist; sourceTree = "<group>"; };
		330A5C7126B67306001C12F1 /* Common.swift */ = {isa = PBXFileReference; lastKnownFileType = sourcecode.swift; path = Common.swift; sourceTree = "<group>"; };
		330A5C7426B6768A001C12F1 /* HttpUtil.swift */ = {isa = PBXFileReference; lastKnownFileType = sourcecode.swift; path = HttpUtil.swift; sourceTree = "<group>"; };
		337D72E626B6965500097284 /* WeatherViewModel.swift */ = {isa = PBXFileReference; lastKnownFileType = sourcecode.swift; path = WeatherViewModel.swift; sourceTree = "<group>"; };
		337D72E926B69B2C00097284 /* WeatherResource.swift */ = {isa = PBXFileReference; lastKnownFileType = sourcecode.swift; path = WeatherResource.swift; sourceTree = "<group>"; };
		337D72EC26B69C3A00097284 /* TodayForcast.swift */ = {isa = PBXFileReference; lastKnownFileType = sourcecode.swift; path = TodayForcast.swift; sourceTree = "<group>"; };
		337D72EE26B69C4800097284 /* FiveDayForcast.swift */ = {isa = PBXFileReference; lastKnownFileType = sourcecode.swift; path = FiveDayForcast.swift; sourceTree = "<group>"; };
		337D72F226B71B5000097284 /* BookmarkViewController.swift */ = {isa = PBXFileReference; lastKnownFileType = sourcecode.swift; path = BookmarkViewController.swift; sourceTree = "<group>"; };
		337D72F426B7CD9000097284 /* Extentions.swift */ = {isa = PBXFileReference; lastKnownFileType = sourcecode.swift; path = Extentions.swift; sourceTree = "<group>"; };
/* End PBXFileReference section */

/* Begin PBXFrameworksBuildPhase section */
		330A5C3826B5789E001C12F1 /* Frameworks */ = {
			isa = PBXFrameworksBuildPhase;
			buildActionMask = 2147483647;
			files = (
			);
			runOnlyForDeploymentPostprocessing = 0;
		};
		330A5C5126B578A2001C12F1 /* Frameworks */ = {
			isa = PBXFrameworksBuildPhase;
			buildActionMask = 2147483647;
			files = (
			);
			runOnlyForDeploymentPostprocessing = 0;
		};
		330A5C5C26B578A3001C12F1 /* Frameworks */ = {
			isa = PBXFrameworksBuildPhase;
			buildActionMask = 2147483647;
			files = (
			);
			runOnlyForDeploymentPostprocessing = 0;
		};
/* End PBXFrameworksBuildPhase section */

/* Begin PBXGroup section */
		330A5C3226B5789E001C12F1 = {
			isa = PBXGroup;
			children = (
				330A5C3D26B5789E001C12F1 /* Mobiquity_Code_Challange */,
				330A5C5726B578A2001C12F1 /* Mobiquity_Code_ChallangeTests */,
				330A5C6226B578A3001C12F1 /* Mobiquity_Code_ChallangeUITests */,
				330A5C3C26B5789E001C12F1 /* Products */,
			);
			sourceTree = "<group>";
		};
		330A5C3C26B5789E001C12F1 /* Products */ = {
			isa = PBXGroup;
			children = (
				330A5C3B26B5789E001C12F1 /* Mobiquity_Code_Challange.app */,
				330A5C5426B578A2001C12F1 /* Mobiquity_Code_ChallangeTests.xctest */,
				330A5C5F26B578A3001C12F1 /* Mobiquity_Code_ChallangeUITests.xctest */,
			);
			name = Products;
			sourceTree = "<group>";
		};
		330A5C3D26B5789E001C12F1 /* Mobiquity_Code_Challange */ = {
			isa = PBXGroup;
			children = (
				337D72F626B7CDA100097284 /* Extension */,
				330A5C7626B67690001C12F1 /* Service */,
				330A5C7326B6760B001C12F1 /* Common */,
				337D72EB26B69B3200097284 /* DataResources */,
				337D72F026B69C4F00097284 /* Model */,
				337D72E826B6965D00097284 /* ViewModel */,
				330A5C3E26B5789E001C12F1 /* AppDelegate.swift */,
				330A5C4026B5789E001C12F1 /* SceneDelegate.swift */,
				337D72F126B6F44A00097284 /* View */,
				330A5C4426B5789E001C12F1 /* Main.storyboard */,
				330A5C4A26B578A2001C12F1 /* Assets.xcassets */,
				330A5C4C26B578A2001C12F1 /* LaunchScreen.storyboard */,
				330A5C4F26B578A2001C12F1 /* Info.plist */,
				330A5C4726B5789E001C12F1 /* Mobiquity_Code_Challange.xcdatamodeld */,
			);
			path = Mobiquity_Code_Challange;
			sourceTree = "<group>";
		};
		330A5C5726B578A2001C12F1 /* Mobiquity_Code_ChallangeTests */ = {
			isa = PBXGroup;
			children = (
				330A5C5826B578A2001C12F1 /* Mobiquity_Code_ChallangeTests.swift */,
				330A5C5A26B578A2001C12F1 /* Info.plist */,
			);
			path = Mobiquity_Code_ChallangeTests;
			sourceTree = "<group>";
		};
		330A5C6226B578A3001C12F1 /* Mobiquity_Code_ChallangeUITests */ = {
			isa = PBXGroup;
			children = (
				330A5C6326B578A3001C12F1 /* Mobiquity_Code_ChallangeUITests.swift */,
				330A5C6526B578A3001C12F1 /* Info.plist */,
			);
			path = Mobiquity_Code_ChallangeUITests;
			sourceTree = "<group>";
		};
		330A5C7326B6760B001C12F1 /* Common */ = {
			isa = PBXGroup;
			children = (
				330A5C7126B67306001C12F1 /* Common.swift */,
			);
			path = Common;
			sourceTree = "<group>";
		};
		330A5C7626B67690001C12F1 /* Service */ = {
			isa = PBXGroup;
			children = (
				330A5C7426B6768A001C12F1 /* HttpUtil.swift */,
			);
			path = Service;
			sourceTree = "<group>";
		};
		337D72E826B6965D00097284 /* ViewModel */ = {
			isa = PBXGroup;
			children = (
				337D72E626B6965500097284 /* WeatherViewModel.swift */,
			);
			path = ViewModel;
			sourceTree = "<group>";
		};
		337D72EB26B69B3200097284 /* DataResources */ = {
			isa = PBXGroup;
			children = (
				337D72E926B69B2C00097284 /* WeatherResource.swift */,
			);
			path = DataResources;
			sourceTree = "<group>";
		};
		337D72F026B69C4F00097284 /* Model */ = {
			isa = PBXGroup;
			children = (
				337D72EC26B69C3A00097284 /* TodayForcast.swift */,
				337D72EE26B69C4800097284 /* FiveDayForcast.swift */,
			);
			path = Model;
			sourceTree = "<group>";
		};
		337D72F126B6F44A00097284 /* View */ = {
			isa = PBXGroup;
			children = (
				330A5C4226B5789E001C12F1 /* ViewController.swift */,
				337D72F226B71B5000097284 /* BookmarkViewController.swift */,
			);
			path = View;
			sourceTree = "<group>";
		};
		337D72F626B7CDA100097284 /* Extension */ = {
			isa = PBXGroup;
			children = (
				337D72F426B7CD9000097284 /* Extentions.swift */,
			);
			path = Extension;
			sourceTree = "<group>";
		};
/* End PBXGroup section */

/* Begin PBXNativeTarget section */
		330A5C3A26B5789E001C12F1 /* Mobiquity_Code_Challange */ = {
			isa = PBXNativeTarget;
			buildConfigurationList = 330A5C6826B578A3001C12F1 /* Build configuration list for PBXNativeTarget "Mobiquity_Code_Challange" */;
			buildPhases = (
				330A5C3726B5789E001C12F1 /* Sources */,
				330A5C3826B5789E001C12F1 /* Frameworks */,
				330A5C3926B5789E001C12F1 /* Resources */,
			);
			buildRules = (
			);
			dependencies = (
			);
			name = Mobiquity_Code_Challange;
			productName = Mobiquity_Code_Challange;
			productReference = 330A5C3B26B5789E001C12F1 /* Mobiquity_Code_Challange.app */;
			productType = "com.apple.product-type.application";
		};
		330A5C5326B578A2001C12F1 /* Mobiquity_Code_ChallangeTests */ = {
			isa = PBXNativeTarget;
			buildConfigurationList = 330A5C6B26B578A3001C12F1 /* Build configuration list for PBXNativeTarget "Mobiquity_Code_ChallangeTests" */;
			buildPhases = (
				330A5C5026B578A2001C12F1 /* Sources */,
				330A5C5126B578A2001C12F1 /* Frameworks */,
				330A5C5226B578A2001C12F1 /* Resources */,
			);
			buildRules = (
			);
			dependencies = (
				330A5C5626B578A2001C12F1 /* PBXTargetDependency */,
			);
			name = Mobiquity_Code_ChallangeTests;
			productName = Mobiquity_Code_ChallangeTests;
			productReference = 330A5C5426B578A2001C12F1 /* Mobiquity_Code_ChallangeTests.xctest */;
			productType = "com.apple.product-type.bundle.unit-test";
		};
		330A5C5E26B578A3001C12F1 /* Mobiquity_Code_ChallangeUITests */ = {
			isa = PBXNativeTarget;
			buildConfigurationList = 330A5C6E26B578A3001C12F1 /* Build configuration list for PBXNativeTarget "Mobiquity_Code_ChallangeUITests" */;
			buildPhases = (
				330A5C5B26B578A3001C12F1 /* Sources */,
				330A5C5C26B578A3001C12F1 /* Frameworks */,
				330A5C5D26B578A3001C12F1 /* Resources */,
			);
			buildRules = (
			);
			dependencies = (
				330A5C6126B578A3001C12F1 /* PBXTargetDependency */,
			);
			name = Mobiquity_Code_ChallangeUITests;
			productName = Mobiquity_Code_ChallangeUITests;
			productReference = 330A5C5F26B578A3001C12F1 /* Mobiquity_Code_ChallangeUITests.xctest */;
			productType = "com.apple.product-type.bundle.ui-testing";
		};
/* End PBXNativeTarget section */

/* Begin PBXProject section */
		330A5C3326B5789E001C12F1 /* Project object */ = {
			isa = PBXProject;
			attributes = {
				LastSwiftUpdateCheck = 1250;
				LastUpgradeCheck = 1250;
				TargetAttributes = {
					330A5C3A26B5789E001C12F1 = {
						CreatedOnToolsVersion = 12.5.1;
					};
					330A5C5326B578A2001C12F1 = {
						CreatedOnToolsVersion = 12.5.1;
						TestTargetID = 330A5C3A26B5789E001C12F1;
					};
					330A5C5E26B578A3001C12F1 = {
						CreatedOnToolsVersion = 12.5.1;
						TestTargetID = 330A5C3A26B5789E001C12F1;
					};
				};
			};
			buildConfigurationList = 330A5C3626B5789E001C12F1 /* Build configuration list for PBXProject "Mobiquity_Code_Challange" */;
			compatibilityVersion = "Xcode 9.3";
			developmentRegion = en;
			hasScannedForEncodings = 0;
			knownRegions = (
				en,
				Base,
			);
			mainGroup = 330A5C3226B5789E001C12F1;
			productRefGroup = 330A5C3C26B5789E001C12F1 /* Products */;
			projectDirPath = "";
			projectRoot = "";
			targets = (
				330A5C3A26B5789E001C12F1 /* Mobiquity_Code_Challange */,
				330A5C5326B578A2001C12F1 /* Mobiquity_Code_ChallangeTests */,
				330A5C5E26B578A3001C12F1 /* Mobiquity_Code_ChallangeUITests */,
			);
		};
/* End PBXProject section */

/* Begin PBXResourcesBuildPhase section */
		330A5C3926B5789E001C12F1 /* Resources */ = {
			isa = PBXResourcesBuildPhase;
			buildActionMask = 2147483647;
			files = (
				330A5C4E26B578A2001C12F1 /* LaunchScreen.storyboard in Resources */,
				330A5C4B26B578A2001C12F1 /* Assets.xcassets in Resources */,
				330A5C4626B5789E001C12F1 /* Main.storyboard in Resources */,
			);
			runOnlyForDeploymentPostprocessing = 0;
		};
		330A5C5226B578A2001C12F1 /* Resources */ = {
			isa = PBXResourcesBuildPhase;
			buildActionMask = 2147483647;
			files = (
			);
			runOnlyForDeploymentPostprocessing = 0;
		};
		330A5C5D26B578A3001C12F1 /* Resources */ = {
			isa = PBXResourcesBuildPhase;
			buildActionMask = 2147483647;
			files = (
			);
			runOnlyForDeploymentPostprocessing = 0;
		};
/* End PBXResourcesBuildPhase section */

/* Begin PBXSourcesBuildPhase section */
		330A5C3726B5789E001C12F1 /* Sources */ = {
			isa = PBXSourcesBuildPhase;
			buildActionMask = 2147483647;
			files = (
				337D72F326B71B5000097284 /* BookmarkViewController.swift in Sources */,
				337D72EA26B69B2C00097284 /* WeatherResource.swift in Sources */,
				330A5C4926B5789E001C12F1 /* Mobiquity_Code_Challange.xcdatamodeld in Sources */,
				330A5C4326B5789E001C12F1 /* ViewController.swift in Sources */,
				330A5C3F26B5789E001C12F1 /* AppDelegate.swift in Sources */,
				337D72E726B6965500097284 /* WeatherViewModel.swift in Sources */,
				337D72EF26B69C4800097284 /* FiveDayForcast.swift in Sources */,
				330A5C7226B67306001C12F1 /* Common.swift in Sources */,
				337D72F526B7CD9000097284 /* Extentions.swift in Sources */,
				330A5C4126B5789E001C12F1 /* SceneDelegate.swift in Sources */,
				330A5C7526B6768A001C12F1 /* HttpUtil.swift in Sources */,
				337D72ED26B69C3A00097284 /* TodayForcast.swift in Sources */,
			);
			runOnlyForDeploymentPostprocessing = 0;
		};
		330A5C5026B578A2001C12F1 /* Sources */ = {
			isa = PBXSourcesBuildPhase;
			buildActionMask = 2147483647;
			files = (
				330A5C5926B578A2001C12F1 /* Mobiquity_Code_ChallangeTests.swift in Sources */,
			);
			runOnlyForDeploymentPostprocessing = 0;
		};
		330A5C5B26B578A3001C12F1 /* Sources */ = {
			isa = PBXSourcesBuildPhase;
			buildActionMask = 2147483647;
			files = (
				330A5C6426B578A3001C12F1 /* Mobiquity_Code_ChallangeUITests.swift in Sources */,
			);
			runOnlyForDeploymentPostprocessing = 0;
		};
/* End PBXSourcesBuildPhase section */

/* Begin PBXTargetDependency section */
		330A5C5626B578A2001C12F1 /* PBXTargetDependency */ = {
			isa = PBXTargetDependency;
			target = 330A5C3A26B5789E001C12F1 /* Mobiquity_Code_Challange */;
			targetProxy = 330A5C5526B578A2001C12F1 /* PBXContainerItemProxy */;
		};
		330A5C6126B578A3001C12F1 /* PBXTargetDependency */ = {
			isa = PBXTargetDependency;
			target = 330A5C3A26B5789E001C12F1 /* Mobiquity_Code_Challange */;
			targetProxy = 330A5C6026B578A3001C12F1 /* PBXContainerItemProxy */;
		};
/* End PBXTargetDependency section */

/* Begin PBXVariantGroup section */
		330A5C4426B5789E001C12F1 /* Main.storyboard */ = {
			isa = PBXVariantGroup;
			children = (
				330A5C4526B5789E001C12F1 /* Base */,
			);
			name = Main.storyboard;
			sourceTree = "<group>";
		};
		330A5C4C26B578A2001C12F1 /* LaunchScreen.storyboard */ = {
			isa = PBXVariantGroup;
			children = (
				330A5C4D26B578A2001C12F1 /* Base */,
			);
			name = LaunchScreen.storyboard;
			sourceTree = "<group>";
		};
/* End PBXVariantGroup section */

/* Begin XCBuildConfiguration section */
		330A5C6626B578A3001C12F1 /* Debug */ = {
			isa = XCBuildConfiguration;
			buildSettings = {
				ALWAYS_SEARCH_USER_PATHS = NO;
				CLANG_ANALYZER_NONNULL = YES;
				CLANG_ANALYZER_NUMBER_OBJECT_CONVERSION = YES_AGGRESSIVE;
				CLANG_CXX_LANGUAGE_STANDARD = "gnu++14";
				CLANG_CXX_LIBRARY = "libc++";
				CLANG_ENABLE_MODULES = YES;
				CLANG_ENABLE_OBJC_ARC = YES;
				CLANG_ENABLE_OBJC_WEAK = YES;
				CLANG_WARN_BLOCK_CAPTURE_AUTORELEASING = YES;
				CLANG_WARN_BOOL_CONVERSION = YES;
				CLANG_WARN_COMMA = YES;
				CLANG_WARN_CONSTANT_CONVERSION = YES;
				CLANG_WARN_DEPRECATED_OBJC_IMPLEMENTATIONS = YES;
				CLANG_WARN_DIRECT_OBJC_ISA_USAGE = YES_ERROR;
				CLANG_WARN_DOCUMENTATION_COMMENTS = YES;
				CLANG_WARN_EMPTY_BODY = YES;
				CLANG_WARN_ENUM_CONVERSION = YES;
				CLANG_WARN_INFINITE_RECURSION = YES;
				CLANG_WARN_INT_CONVERSION = YES;
				CLANG_WARN_NON_LITERAL_NULL_CONVERSION = YES;
				CLANG_WARN_OBJC_IMPLICIT_RETAIN_SELF = YES;
				CLANG_WARN_OBJC_LITERAL_CONVERSION = YES;
				CLANG_WARN_OBJC_ROOT_CLASS = YES_ERROR;
				CLANG_WARN_QUOTED_INCLUDE_IN_FRAMEWORK_HEADER = YES;
				CLANG_WARN_RANGE_LOOP_ANALYSIS = YES;
				CLANG_WARN_STRICT_PROTOTYPES = YES;
				CLANG_WARN_SUSPICIOUS_MOVE = YES;
				CLANG_WARN_UNGUARDED_AVAILABILITY = YES_AGGRESSIVE;
				CLANG_WARN_UNREACHABLE_CODE = YES;
				CLANG_WARN__DUPLICATE_METHOD_MATCH = YES;
				COPY_PHASE_STRIP = NO;
				DEBUG_INFORMATION_FORMAT = dwarf;
				ENABLE_STRICT_OBJC_MSGSEND = YES;
				ENABLE_TESTABILITY = YES;
				GCC_C_LANGUAGE_STANDARD = gnu11;
				GCC_DYNAMIC_NO_PIC = NO;
				GCC_NO_COMMON_BLOCKS = YES;
				GCC_OPTIMIZATION_LEVEL = 0;
				GCC_PREPROCESSOR_DEFINITIONS = (
					"DEBUG=1",
					"$(inherited)",
				);
				GCC_WARN_64_TO_32_BIT_CONVERSION = YES;
				GCC_WARN_ABOUT_RETURN_TYPE = YES_ERROR;
				GCC_WARN_UNDECLARED_SELECTOR = YES;
				GCC_WARN_UNINITIALIZED_AUTOS = YES_AGGRESSIVE;
				GCC_WARN_UNUSED_FUNCTION = YES;
				GCC_WARN_UNUSED_VARIABLE = YES;
				IPHONEOS_DEPLOYMENT_TARGET = 14.5;
				MTL_ENABLE_DEBUG_INFO = INCLUDE_SOURCE;
				MTL_FAST_MATH = YES;
				ONLY_ACTIVE_ARCH = YES;
				SDKROOT = iphoneos;
				SWIFT_ACTIVE_COMPILATION_CONDITIONS = DEBUG;
				SWIFT_OPTIMIZATION_LEVEL = "-Onone";
			};
			name = Debug;
		};
		330A5C6726B578A3001C12F1 /* Release */ = {
			isa = XCBuildConfiguration;
			buildSettings = {
				ALWAYS_SEARCH_USER_PATHS = NO;
				CLANG_ANALYZER_NONNULL = YES;
				CLANG_ANALYZER_NUMBER_OBJECT_CONVERSION = YES_AGGRESSIVE;
				CLANG_CXX_LANGUAGE_STANDARD = "gnu++14";
				CLANG_CXX_LIBRARY = "libc++";
				CLANG_ENABLE_MODULES = YES;
				CLANG_ENABLE_OBJC_ARC = YES;
				CLANG_ENABLE_OBJC_WEAK = YES;
				CLANG_WARN_BLOCK_CAPTURE_AUTORELEASING = YES;
				CLANG_WARN_BOOL_CONVERSION = YES;
				CLANG_WARN_COMMA = YES;
				CLANG_WARN_CONSTANT_CONVERSION = YES;
				CLANG_WARN_DEPRECATED_OBJC_IMPLEMENTATIONS = YES;
				CLANG_WARN_DIRECT_OBJC_ISA_USAGE = YES_ERROR;
				CLANG_WARN_DOCUMENTATION_COMMENTS = YES;
				CLANG_WARN_EMPTY_BODY = YES;
				CLANG_WARN_ENUM_CONVERSION = YES;
				CLANG_WARN_INFINITE_RECURSION = YES;
				CLANG_WARN_INT_CONVERSION = YES;
				CLANG_WARN_NON_LITERAL_NULL_CONVERSION = YES;
				CLANG_WARN_OBJC_IMPLICIT_RETAIN_SELF = YES;
				CLANG_WARN_OBJC_LITERAL_CONVERSION = YES;
				CLANG_WARN_OBJC_ROOT_CLASS = YES_ERROR;
				CLANG_WARN_QUOTED_INCLUDE_IN_FRAMEWORK_HEADER = YES;
				CLANG_WARN_RANGE_LOOP_ANALYSIS = YES;
				CLANG_WARN_STRICT_PROTOTYPES = YES;
				CLANG_WARN_SUSPICIOUS_MOVE = YES;
				CLANG_WARN_UNGUARDED_AVAILABILITY = YES_AGGRESSIVE;
				CLANG_WARN_UNREACHABLE_CODE = YES;
				CLANG_WARN__DUPLICATE_METHOD_MATCH = YES;
				COPY_PHASE_STRIP = NO;
				DEBUG_INFORMATION_FORMAT = "dwarf-with-dsym";
				ENABLE_NS_ASSERTIONS = NO;
				ENABLE_STRICT_OBJC_MSGSEND = YES;
				GCC_C_LANGUAGE_STANDARD = gnu11;
				GCC_NO_COMMON_BLOCKS = YES;
				GCC_WARN_64_TO_32_BIT_CONVERSION = YES;
				GCC_WARN_ABOUT_RETURN_TYPE = YES_ERROR;
				GCC_WARN_UNDECLARED_SELECTOR = YES;
				GCC_WARN_UNINITIALIZED_AUTOS = YES_AGGRESSIVE;
				GCC_WARN_UNUSED_FUNCTION = YES;
				GCC_WARN_UNUSED_VARIABLE = YES;
				IPHONEOS_DEPLOYMENT_TARGET = 14.5;
				MTL_ENABLE_DEBUG_INFO = NO;
				MTL_FAST_MATH = YES;
				SDKROOT = iphoneos;
				SWIFT_COMPILATION_MODE = wholemodule;
				SWIFT_OPTIMIZATION_LEVEL = "-O";
				VALIDATE_PRODUCT = YES;
			};
			name = Release;
		};
		330A5C6926B578A3001C12F1 /* Debug */ = {
			isa = XCBuildConfiguration;
			buildSettings = {
				ASSETCATALOG_COMPILER_APPICON_NAME = AppIcon;
				ASSETCATALOG_COMPILER_GLOBAL_ACCENT_COLOR_NAME = AccentColor;
				CODE_SIGN_STYLE = Automatic;
				INFOPLIST_FILE = Mobiquity_Code_Challange/Info.plist;
				LD_RUNPATH_SEARCH_PATHS = (
					"$(inherited)",
					"@executable_path/Frameworks",
				);
				PRODUCT_BUNDLE_IDENTIFIER = "com..Mobiquity-Code-Challange";
				PRODUCT_NAME = "$(TARGET_NAME)";
				SWIFT_VERSION = 5.0;
				TARGETED_DEVICE_FAMILY = "1,2";
			};
			name = Debug;
		};
		330A5C6A26B578A3001C12F1 /* Release */ = {
			isa = XCBuildConfiguration;
			buildSettings = {
				ASSETCATALOG_COMPILER_APPICON_NAME = AppIcon;
				ASSETCATALOG_COMPILER_GLOBAL_ACCENT_COLOR_NAME = AccentColor;
				CODE_SIGN_STYLE = Automatic;
				INFOPLIST_FILE = Mobiquity_Code_Challange/Info.plist;
				LD_RUNPATH_SEARCH_PATHS = (
					"$(inherited)",
					"@executable_path/Frameworks",
				);
				PRODUCT_BUNDLE_IDENTIFIER = "com..Mobiquity-Code-Challange";
				PRODUCT_NAME = "$(TARGET_NAME)";
				SWIFT_VERSION = 5.0;
				TARGETED_DEVICE_FAMILY = "1,2";
			};
			name = Release;
		};
		330A5C6C26B578A3001C12F1 /* Debug */ = {
			isa = XCBuildConfiguration;
			buildSettings = {
				ALWAYS_EMBED_SWIFT_STANDARD_LIBRARIES = YES;
				BUNDLE_LOADER = "$(TEST_HOST)";
				CODE_SIGN_STYLE = Automatic;
				INFOPLIST_FILE = Mobiquity_Code_ChallangeTests/Info.plist;
				IPHONEOS_DEPLOYMENT_TARGET = 14.5;
				LD_RUNPATH_SEARCH_PATHS = (
					"$(inherited)",
					"@executable_path/Frameworks",
					"@loader_path/Frameworks",
				);
				PRODUCT_BUNDLE_IDENTIFIER = "com..Mobiquity-Code-ChallangeTests";
				PRODUCT_NAME = "$(TARGET_NAME)";
				SWIFT_VERSION = 5.0;
				TARGETED_DEVICE_FAMILY = "1,2";
				TEST_HOST = "$(BUILT_PRODUCTS_DIR)/Mobiquity_Code_Challange.app/Mobiquity_Code_Challange";
			};
			name = Debug;
		};
		330A5C6D26B578A3001C12F1 /* Release */ = {
			isa = XCBuildConfiguration;
			buildSettings = {
				ALWAYS_EMBED_SWIFT_STANDARD_LIBRARIES = YES;
				BUNDLE_LOADER = "$(TEST_HOST)";
				CODE_SIGN_STYLE = Automatic;
				INFOPLIST_FILE = Mobiquity_Code_ChallangeTests/Info.plist;
				IPHONEOS_DEPLOYMENT_TARGET = 14.5;
				LD_RUNPATH_SEARCH_PATHS = (
					"$(inherited)",
					"@executable_path/Frameworks",
					"@loader_path/Frameworks",
				);
				PRODUCT_BUNDLE_IDENTIFIER = "com..Mobiquity-Code-ChallangeTests";
				PRODUCT_NAME = "$(TARGET_NAME)";
				SWIFT_VERSION = 5.0;
				TARGETED_DEVICE_FAMILY = "1,2";
				TEST_HOST = "$(BUILT_PRODUCTS_DIR)/Mobiquity_Code_Challange.app/Mobiquity_Code_Challange";
			};
			name = Release;
		};
		330A5C6F26B578A3001C12F1 /* Debug */ = {
			isa = XCBuildConfiguration;
			buildSettings = {
				ALWAYS_EMBED_SWIFT_STANDARD_LIBRARIES = YES;
				CODE_SIGN_STYLE = Automatic;
				INFOPLIST_FILE = Mobiquity_Code_ChallangeUITests/Info.plist;
				LD_RUNPATH_SEARCH_PATHS = (
					"$(inherited)",
					"@executable_path/Frameworks",
					"@loader_path/Frameworks",
				);
				PRODUCT_BUNDLE_IDENTIFIER = "com..Mobiquity-Code-ChallangeUITests";
				PRODUCT_NAME = "$(TARGET_NAME)";
				SWIFT_VERSION = 5.0;
				TARGETED_DEVICE_FAMILY = "1,2";
				TEST_TARGET_NAME = Mobiquity_Code_Challange;
			};
			name = Debug;
		};
		330A5C7026B578A3001C12F1 /* Release */ = {
			isa = XCBuildConfiguration;
			buildSettings = {
				ALWAYS_EMBED_SWIFT_STANDARD_LIBRARIES = YES;
				CODE_SIGN_STYLE = Automatic;
				INFOPLIST_FILE = Mobiquity_Code_ChallangeUITests/Info.plist;
				LD_RUNPATH_SEARCH_PATHS = (
					"$(inherited)",
					"@executable_path/Frameworks",
					"@loader_path/Frameworks",
				);
				PRODUCT_BUNDLE_IDENTIFIER = "com..Mobiquity-Code-ChallangeUITests";
				PRODUCT_NAME = "$(TARGET_NAME)";
				SWIFT_VERSION = 5.0;
				TARGETED_DEVICE_FAMILY = "1,2";
				TEST_TARGET_NAME = Mobiquity_Code_Challange;
			};
			name = Release;
		};
/* End XCBuildConfiguration section */

/* Begin XCConfigurationList section */
		330A5C3626B5789E001C12F1 /* Build configuration list for PBXProject "Mobiquity_Code_Challange" */ = {
			isa = XCConfigurationList;
			buildConfigurations = (
				330A5C6626B578A3001C12F1 /* Debug */,
				330A5C6726B578A3001C12F1 /* Release */,
			);
			defaultConfigurationIsVisible = 0;
			defaultConfigurationName = Release;
		};
		330A5C6826B578A3001C12F1 /* Build configuration list for PBXNativeTarget "Mobiquity_Code_Challange" */ = {
			isa = XCConfigurationList;
			buildConfigurations = (
				330A5C6926B578A3001C12F1 /* Debug */,
				330A5C6A26B578A3001C12F1 /* Release */,
			);
			defaultConfigurationIsVisible = 0;
			defaultConfigurationName = Release;
		};
		330A5C6B26B578A3001C12F1 /* Build configuration list for PBXNativeTarget "Mobiquity_Code_ChallangeTests" */ = {
			isa = XCConfigurationList;
			buildConfigurations = (
				330A5C6C26B578A3001C12F1 /* Debug */,
				330A5C6D26B578A3001C12F1 /* Release */,
			);
			defaultConfigurationIsVisible = 0;
			defaultConfigurationName = Release;
		};
		330A5C6E26B578A3001C12F1 /* Build configuration list for PBXNativeTarget "Mobiquity_Code_ChallangeUITests" */ = {
			isa = XCConfigurationList;
			buildConfigurations = (
				330A5C6F26B578A3001C12F1 /* Debug */,
				330A5C7026B578A3001C12F1 /* Release */,
			);
			defaultConfigurationIsVisible = 0;
			defaultConfigurationName = Release;
		};
/* End XCConfigurationList section */

/* Begin XCVersionGroup section */
		330A5C4726B5789E001C12F1 /* Mobiquity_Code_Challange.xcdatamodeld */ = {
			isa = XCVersionGroup;
			children = (
				330A5C4826B5789E001C12F1 /* Mobiquity_Code_Challange.xcdatamodel */,
			);
			currentVersion = 330A5C4826B5789E001C12F1 /* Mobiquity_Code_Challange.xcdatamodel */;
			path = Mobiquity_Code_Challange.xcdatamodeld;
			sourceTree = "<group>";
			versionGroupType = wrapper.xcdatamodel;
		};
/* End XCVersionGroup section */
	};
	rootObject = 330A5C3326B5789E001C12F1 /* Project object */;
}
